
Microsoft Visual Studio Solution File, Format Version 12.00
# Visual Studio 15
VisualStudioVersion = 15.0.27703.2026
MinimumVisualStudioVersion = 10.0.40219.1
Project("{FAE04EC0-301F-11D3-BF4B-00C04F79EFBC}") = "TaskManagerWPFDomain", "TaskManagerWPFDomain\TaskManagerWPFDomain.csproj", "{C70C20A2-7338-4625-9D40-6B0BAD911FFD}"
EndProject
Global
	GlobalSection(SolutionConfigurationPlatforms) = preSolution
		Debug|Any CPU = Debug|Any CPU
		Release|Any CPU = Release|Any CPU
	EndGlobalSection
	GlobalSection(ProjectConfigurationPlatforms) = postSolution
		{C70C20A2-7338-4625-9D40-6B0BAD911FFD}.Debug|Any CPU.ActiveCfg = Debug|Any CPU
		{C70C20A2-7338-4625-9D40-6B0BAD911FFD}.Debug|Any CPU.Build.0 = Debug|Any CPU
		{C70C20A2-7338-4625-9D40-6B0BAD911FFD}.Release|Any CPU.ActiveCfg = Release|Any CPU
		{C70C20A2-7338-4625-9D40-6B0BAD911FFD}.Release|Any CPU.Build.0 = Release|Any CPU
	EndGlobalSection
	GlobalSection(SolutionProperties) = preSolution
		HideSolutionNode = FALSE
	EndGlobalSection
	GlobalSection(ExtensibilityGlobals) = postSolution
		SolutionGuid = {FF02FFC9-0178-4689-8AB6-9B2FC43C4ABC}
	EndGlobalSection
EndGlobal
